
Microsoft Visual Studio Solution File, Format Version 12.00
# Visual Studio 15
VisualStudioVersion = 15.0.27703.2026
MinimumVisualStudioVersion = 10.0.40219.1
Project("{9A19103F-16F7-4668-BE54-9A1E7A4F7556}") = "Rocket.Chat.MongoReader", "Rocket.Chat.MongoReader\Rocket.Chat.MongoReader.csproj", "{3B946AA9-FB08-487F-BF4D-1AA4DDCE81FA}"
EndProject
Project("{E53339B2-1760-4266-BCC7-CA923CBCF16C}") = "docker-compose", "docker-compose.dcproj", "{3A28252C-7291-467C-860C-5E89558DCB2C}"
EndProject
Global
	GlobalSection(SolutionConfigurationPlatforms) = preSolution
		Debug|Any CPU = Debug|Any CPU
		Release|Any CPU = Release|Any CPU
	EndGlobalSection
	GlobalSection(ProjectConfigurationPlatforms) = postSolution
		{3B946AA9-FB08-487F-BF4D-1AA4DDCE81FA}.Debug|Any CPU.ActiveCfg = Debug|Any CPU
		{3B946AA9-FB08-487F-BF4D-1AA4DDCE81FA}.Debug|Any CPU.Build.0 = Debug|Any CPU
		{3B946AA9-FB08-487F-BF4D-1AA4DDCE81FA}.Release|Any CPU.ActiveCfg = Release|Any CPU
		{3B946AA9-FB08-487F-BF4D-1AA4DDCE81FA}.Release|Any CPU.Build.0 = Release|Any CPU
		{3A28252C-7291-467C-860C-5E89558DCB2C}.Debug|Any CPU.ActiveCfg = Debug|Any CPU
		{3A28252C-7291-467C-860C-5E89558DCB2C}.Debug|Any CPU.Build.0 = Debug|Any CPU
		{3A28252C-7291-467C-860C-5E89558DCB2C}.Release|Any CPU.ActiveCfg = Release|Any CPU
		{3A28252C-7291-467C-860C-5E89558DCB2C}.Release|Any CPU.Build.0 = Release|Any CPU
	EndGlobalSection
	GlobalSection(SolutionProperties) = preSolution
		HideSolutionNode = FALSE
	EndGlobalSection
	GlobalSection(ExtensibilityGlobals) = postSolution
		SolutionGuid = {DE355970-5936-4B94-B53C-765DC833B64E}
	EndGlobalSection
EndGlobal
